
Microsoft Visual Studio Solution File, Format Version 12.00
# Visual Studio Version 16
VisualStudioVersion = 16.0.30523.141
MinimumVisualStudioVersion = 10.0.40219.1
Project("{8BC9CEB8-8B4A-11D0-8D11-00A0C91BC942}") = "ex1", "ex1\ex1.vcxproj", "{1252D9D0-F241-4522-A5A9-D38D4F96BC06}"
EndProject
Project("{8BC9CEB8-8B4A-11D0-8D11-00A0C91BC942}") = "ex3", "ex2\ex2.vcxproj", "{80A8E4AD-BB68-45F7-AC35-22BD863E4CA3}"
EndProject
Project("{8BC9CEB8-8B4A-11D0-8D11-00A0C91BC942}") = "ex4", "ex4\ex4.vcxproj", "{2132FD53-A302-41F1-8226-0676B15B5A97}"
EndProject
Project("{8BC9CEB8-8B4A-11D0-8D11-00A0C91BC942}") = "ex5", "ex5\ex5.vcxproj", "{5E0993F8-DFDA-423E-9B76-8B34CFA666AB}"
EndProject
Project("{8BC9CEB8-8B4A-11D0-8D11-00A0C91BC942}") = "ex8", "ex8\ex8.vcxproj", "{C5DC8198-A409-481C-ACA8-116C3CCAC71E}"
EndProject
Project("{8BC9CEB8-8B4A-11D0-8D11-00A0C91BC942}") = "dantich", "dantich\dantich.vcxproj", "{E9F06CA1-9C8C-4FD5-9FC1-D989234B63B0}"
EndProject
Project("{8BC9CEB8-8B4A-11D0-8D11-00A0C91BC942}") = "ex11", "ex11\ex11.vcxproj", "{1D514AF7-7F4E-42DA-8106-EB766F4E94F4}"
EndProject
Project("{8BC9CEB8-8B4A-11D0-8D11-00A0C91BC942}") = "ex12", "ex12\ex12.vcxproj", "{59F34646-941D-4297-A26C-C7DDF88136C1}"
EndProject
Project("{8BC9CEB8-8B4A-11D0-8D11-00A0C91BC942}") = "ex13", "ex13\ex13.vcxproj", "{AB0A04E2-9E4C-406E-B07D-DE999F7A4D5C}"
EndProject
Project("{8BC9CEB8-8B4A-11D0-8D11-00A0C91BC942}") = "exemplu functie in functie", "exemplu functie in functie\exemplu functie in functie.vcxproj", "{8BFB2A66-4E31-44A1-9CB1-81216DFA6EF0}"
EndProject
Project("{8BC9CEB8-8B4A-11D0-8D11-00A0C91BC942}") = "ex14", "ex14\ex14.vcxproj", "{CEF013CE-BB31-4D13-A361-34174EEC6C3C}"
EndProject
Project("{8BC9CEB8-8B4A-11D0-8D11-00A0C91BC942}") = "ex15", "ex15\ex15.vcxproj", "{20D716AE-8DF0-4435-9D78-09D40AC2C740}"
EndProject
Global
	GlobalSection(SolutionConfigurationPlatforms) = preSolution
		Debug|x64 = Debug|x64
		Debug|x86 = Debug|x86
		Release|x64 = Release|x64
		Release|x86 = Release|x86
	EndGlobalSection
	GlobalSection(ProjectConfigurationPlatforms) = postSolution
		{1252D9D0-F241-4522-A5A9-D38D4F96BC06}.Debug|x64.ActiveCfg = Debug|x64
		{1252D9D0-F241-4522-A5A9-D38D4F96BC06}.Debug|x64.Build.0 = Debug|x64
		{1252D9D0-F241-4522-A5A9-D38D4F96BC06}.Debug|x86.ActiveCfg = Debug|Win32
		{1252D9D0-F241-4522-A5A9-D38D4F96BC06}.Debug|x86.Build.0 = Debug|Win32
		{1252D9D0-F241-4522-A5A9-D38D4F96BC06}.Release|x64.ActiveCfg = Release|x64
		{1252D9D0-F241-4522-A5A9-D38D4F96BC06}.Release|x64.Build.0 = Release|x64
		{1252D9D0-F241-4522-A5A9-D38D4F96BC06}.Release|x86.ActiveCfg = Release|Win32
		{1252D9D0-F241-4522-A5A9-D38D4F96BC06}.Release|x86.Build.0 = Release|Win32
		{80A8E4AD-BB68-45F7-AC35-22BD863E4CA3}.Debug|x64.ActiveCfg = Debug|x64
		{80A8E4AD-BB68-45F7-AC35-22BD863E4CA3}.Debug|x64.Build.0 = Debug|x64
		{80A8E4AD-BB68-45F7-AC35-22BD863E4CA3}.Debug|x86.ActiveCfg = Debug|Win32
		{80A8E4AD-BB68-45F7-AC35-22BD863E4CA3}.Debug|x86.Build.0 = Debug|Win32
		{80A8E4AD-BB68-45F7-AC35-22BD863E4CA3}.Release|x64.ActiveCfg = Release|x64
		{80A8E4AD-BB68-45F7-AC35-22BD863E4CA3}.Release|x64.Build.0 = Release|x64
		{80A8E4AD-BB68-45F7-AC35-22BD863E4CA3}.Release|x86.ActiveCfg = Release|Win32
		{80A8E4AD-BB68-45F7-AC35-22BD863E4CA3}.Release|x86.Build.0 = Release|Win32
		{2132FD53-A302-41F1-8226-0676B15B5A97}.Debug|x64.ActiveCfg = Debug|x64
		{2132FD53-A302-41F1-8226-0676B15B5A97}.Debug|x64.Build.0 = Debug|x64
		{2132FD53-A302-41F1-8226-0676B15B5A97}.Debug|x86.ActiveCfg = Debug|Win32
		{2132FD53-A302-41F1-8226-0676B15B5A97}.Debug|x86.Build.0 = Debug|Win32
		{2132FD53-A302-41F1-8226-0676B15B5A97}.Release|x64.ActiveCfg = Release|x64
		{2132FD53-A302-41F1-8226-0676B15B5A97}.Release|x64.Build.0 = Release|x64
		{2132FD53-A302-41F1-8226-0676B15B5A97}.Release|x86.ActiveCfg = Release|Win32
		{2132FD53-A302-41F1-8226-0676B15B5A97}.Release|x86.Build.0 = Release|Win32
		{5E0993F8-DFDA-423E-9B76-8B34CFA666AB}.Debug|x64.ActiveCfg = Debug|x64
		{5E0993F8-DFDA-423E-9B76-8B34CFA666AB}.Debug|x64.Build.0 = Debug|x64
		{5E0993F8-DFDA-423E-9B76-8B34CFA666AB}.Debug|x86.ActiveCfg = Debug|Win32
		{5E0993F8-DFDA-423E-9B76-8B34CFA666AB}.Debug|x86.Build.0 = Debug|Win32
		{5E0993F8-DFDA-423E-9B76-8B34CFA666AB}.Release|x64.ActiveCfg = Release|x64
		{5E0993F8-DFDA-423E-9B76-8B34CFA666AB}.Release|x64.Build.0 = Release|x64
		{5E0993F8-DFDA-423E-9B76-8B34CFA666AB}.Release|x86.ActiveCfg = Release|Win32
		{5E0993F8-DFDA-423E-9B76-8B34CFA666AB}.Release|x86.Build.0 = Release|Win32
		{C5DC8198-A409-481C-ACA8-116C3CCAC71E}.Debug|x64.ActiveCfg = Debug|x64
		{C5DC8198-A409-481C-ACA8-116C3CCAC71E}.Debug|x64.Build.0 = Debug|x64
		{C5DC8198-A409-481C-ACA8-116C3CCAC71E}.Debug|x86.ActiveCfg = Debug|Win32
		{C5DC8198-A409-481C-ACA8-116C3CCAC71E}.Debug|x86.Build.0 = Debug|Win32
		{C5DC8198-A409-481C-ACA8-116C3CCAC71E}.Release|x64.ActiveCfg = Release|x64
		{C5DC8198-A409-481C-ACA8-116C3CCAC71E}.Release|x64.Build.0 = Release|x64
		{C5DC8198-A409-481C-ACA8-116C3CCAC71E}.Release|x86.ActiveCfg = Release|Win32
		{C5DC8198-A409-481C-ACA8-116C3CCAC71E}.Release|x86.Build.0 = Release|Win32
		{E9F06CA1-9C8C-4FD5-9FC1-D989234B63B0}.Debug|x64.ActiveCfg = Debug|x64
		{E9F06CA1-9C8C-4FD5-9FC1-D989234B63B0}.Debug|x64.Build.0 = Debug|x64
		{E9F06CA1-9C8C-4FD5-9FC1-D989234B63B0}.Debug|x86.ActiveCfg = Debug|Win32
		{E9F06CA1-9C8C-4FD5-9FC1-D989234B63B0}.Debug|x86.Build.0 = Debug|Win32
		{E9F06CA1-9C8C-4FD5-9FC1-D989234B63B0}.Release|x64.ActiveCfg = Release|x64
		{E9F06CA1-9C8C-4FD5-9FC1-D989234B63B0}.Release|x64.Build.0 = Release|x64
		{E9F06CA1-9C8C-4FD5-9FC1-D989234B63B0}.Release|x86.ActiveCfg = Release|Win32
		{E9F06CA1-9C8C-4FD5-9FC1-D989234B63B0}.Release|x86.Build.0 = Release|Win32
		{1D514AF7-7F4E-42DA-8106-EB766F4E94F4}.Debug|x64.ActiveCfg = Debug|x64
		{1D514AF7-7F4E-42DA-8106-EB766F4E94F4}.Debug|x64.Build.0 = Debug|x64
		{1D514AF7-7F4E-42DA-8106-EB766F4E94F4}.Debug|x86.ActiveCfg = Debug|Win32
		{1D514AF7-7F4E-42DA-8106-EB766F4E94F4}.Debug|x86.Build.0 = Debug|Win32
		{1D514AF7-7F4E-42DA-8106-EB766F4E94F4}.Release|x64.ActiveCfg = Release|x64
		{1D514AF7-7F4E-42DA-8106-EB766F4E94F4}.Release|x64.Build.0 = Release|x64
		{1D514AF7-7F4E-42DA-8106-EB766F4E94F4}.Release|x86.ActiveCfg = Release|Win32
		{1D514AF7-7F4E-42DA-8106-EB766F4E94F4}.Release|x86.Build.0 = Release|Win32
		{59F34646-941D-4297-A26C-C7DDF88136C1}.Debug|x64.ActiveCfg = Debug|x64
		{59F34646-941D-4297-A26C-C7DDF88136C1}.Debug|x64.Build.0 = Debug|x64
		{59F34646-941D-4297-A26C-C7DDF88136C1}.Debug|x86.ActiveCfg = Debug|Win32
		{59F34646-941D-4297-A26C-C7DDF88136C1}.Debug|x86.Build.0 = Debug|Win32
		{59F34646-941D-4297-A26C-C7DDF88136C1}.Release|x64.ActiveCfg = Release|x64
		{59F34646-941D-4297-A26C-C7DDF88136C1}.Release|x64.Build.0 = Release|x64
		{59F34646-941D-4297-A26C-C7DDF88136C1}.Release|x86.ActiveCfg = Release|Win32
		{59F34646-941D-4297-A26C-C7DDF88136C1}.Release|x86.Build.0 = Release|Win32
		{AB0A04E2-9E4C-406E-B07D-DE999F7A4D5C}.Debug|x64.ActiveCfg = Debug|x64
		{AB0A04E2-9E4C-406E-B07D-DE999F7A4D5C}.Debug|x64.Build.0 = Debug|x64
		{AB0A04E2-9E4C-406E-B07D-DE999F7A4D5C}.Debug|x86.ActiveCfg = Debug|Win32
		{AB0A04E2-9E4C-406E-B07D-DE999F7A4D5C}.Debug|x86.Build.0 = Debug|Win32
		{AB0A04E2-9E4C-406E-B07D-DE999F7A4D5C}.Release|x64.ActiveCfg = Release|x64
		{AB0A04E2-9E4C-406E-B07D-DE999F7A4D5C}.Release|x64.Build.0 = Release|x64
		{AB0A04E2-9E4C-406E-B07D-DE999F7A4D5C}.Release|x86.ActiveCfg = Release|Win32
		{AB0A04E2-9E4C-406E-B07D-DE999F7A4D5C}.Release|x86.Build.0 = Release|Win32
		{8BFB2A66-4E31-44A1-9CB1-81216DFA6EF0}.Debug|x64.ActiveCfg = Debug|x64
		{8BFB2A66-4E31-44A1-9CB1-81216DFA6EF0}.Debug|x64.Build.0 = Debug|x64
		{8BFB2A66-4E31-44A1-9CB1-81216DFA6EF0}.Debug|x86.ActiveCfg = Debug|Win32
		{8BFB2A66-4E31-44A1-9CB1-81216DFA6EF0}.Debug|x86.Build.0 = Debug|Win32
		{8BFB2A66-4E31-44A1-9CB1-81216DFA6EF0}.Release|x64.ActiveCfg = Release|x64
		{8BFB2A66-4E31-44A1-9CB1-81216DFA6EF0}.Release|x64.Build.0 = Release|x64
		{8BFB2A66-4E31-44A1-9CB1-81216DFA6EF0}.Release|x86.ActiveCfg = Release|Win32
		{8BFB2A66-4E31-44A1-9CB1-81216DFA6EF0}.Release|x86.Build.0 = Release|Win32
		{CEF013CE-BB31-4D13-A361-34174EEC6C3C}.Debug|x64.ActiveCfg = Debug|x64
		{CEF013CE-BB31-4D13-A361-34174EEC6C3C}.Debug|x64.Build.0 = Debug|x64
		{CEF013CE-BB31-4D13-A361-34174EEC6C3C}.Debug|x86.ActiveCfg = Debug|Win32
		{CEF013CE-BB31-4D13-A361-34174EEC6C3C}.Debug|x86.Build.0 = Debug|Win32
		{CEF013CE-BB31-4D13-A361-34174EEC6C3C}.Release|x64.ActiveCfg = Release|x64
		{CEF013CE-BB31-4D13-A361-34174EEC6C3C}.Release|x64.Build.0 = Release|x64
		{CEF013CE-BB31-4D13-A361-34174EEC6C3C}.Release|x86.ActiveCfg = Release|Win32
		{CEF013CE-BB31-4D13-A361-34174EEC6C3C}.Release|x86.Build.0 = Release|Win32
		{20D716AE-8DF0-4435-9D78-09D40AC2C740}.Debug|x64.ActiveCfg = Debug|x64
		{20D716AE-8DF0-4435-9D78-09D40AC2C740}.Debug|x64.Build.0 = Debug|x64
		{20D716AE-8DF0-4435-9D78-09D40AC2C740}.Debug|x86.ActiveCfg = Debug|Win32
		{20D716AE-8DF0-4435-9D78-09D40AC2C740}.Debug|x86.Build.0 = Debug|Win32
		{20D716AE-8DF0-4435-9D78-09D40AC2C740}.Release|x64.ActiveCfg = Release|x64
		{20D716AE-8DF0-4435-9D78-09D40AC2C740}.Release|x64.Build.0 = Release|x64
		{20D716AE-8DF0-4435-9D78-09D40AC2C740}.Release|x86.ActiveCfg = Release|Win32
		{20D716AE-8DF0-4435-9D78-09D40AC2C740}.Release|x86.Build.0 = Release|Win32
	EndGlobalSection
	GlobalSection(SolutionProperties) = preSolution
		HideSolutionNode = FALSE
	EndGlobalSection
	GlobalSection(ExtensibilityGlobals) = postSolution
		SolutionGuid = {D04D249A-221D-4554-B07F-C2383D4A5BA3}
	EndGlobalSection
EndGlobal
