
Microsoft Visual Studio Solution File, Format Version 12.00
# Visual Studio Version 16
VisualStudioVersion = 16.0.30523.141
MinimumVisualStudioVersion = 10.0.40219.1
Project("{8BC9CEB8-8B4A-11D0-8D11-00A0C91BC942}") = "tinker testing", "tinker testing.vcxproj", "{B6D7E1AE-C4AF-410B-848A-7123DC86EFDD}"
EndProject
Global
	GlobalSection(SolutionConfigurationPlatforms) = preSolution
		Debug|x64 = Debug|x64
		Debug|x86 = Debug|x86
		Release|x64 = Release|x64
		Release|x86 = Release|x86
	EndGlobalSection
	GlobalSection(ProjectConfigurationPlatforms) = postSolution
		{B6D7E1AE-C4AF-410B-848A-7123DC86EFDD}.Debug|x64.ActiveCfg = Debug|x64
		{B6D7E1AE-C4AF-410B-848A-7123DC86EFDD}.Debug|x64.Build.0 = Debug|x64
		{B6D7E1AE-C4AF-410B-848A-7123DC86EFDD}.Debug|x86.ActiveCfg = Debug|Win32
		{B6D7E1AE-C4AF-410B-848A-7123DC86EFDD}.Debug|x86.Build.0 = Debug|Win32
		{B6D7E1AE-C4AF-410B-848A-7123DC86EFDD}.Release|x64.ActiveCfg = Release|x64
		{B6D7E1AE-C4AF-410B-848A-7123DC86EFDD}.Release|x64.Build.0 = Release|x64
		{B6D7E1AE-C4AF-410B-848A-7123DC86EFDD}.Release|x86.ActiveCfg = Release|Win32
		{B6D7E1AE-C4AF-410B-848A-7123DC86EFDD}.Release|x86.Build.0 = Release|Win32
	EndGlobalSection
	GlobalSection(SolutionProperties) = preSolution
		HideSolutionNode = FALSE
	EndGlobalSection
	GlobalSection(ExtensibilityGlobals) = postSolution
		SolutionGuid = {8000C4A8-56DF-4F94-AFD4-817EF45188AF}
	EndGlobalSection
EndGlobal
