
Microsoft Visual Studio Solution File, Format Version 12.00
# Visual Studio Version 16
VisualStudioVersion = 16.0.30523.141
MinimumVisualStudioVersion = 10.0.40219.1
Project("{8BC9CEB8-8B4A-11D0-8D11-00A0C91BC942}") = "ex1", "ex1\ex1.vcxproj", "{0D775D6E-A2AF-4DD9-86F4-FABEB3CE219B}"
EndProject
Project("{8BC9CEB8-8B4A-11D0-8D11-00A0C91BC942}") = "ex2", "ex2\ex2.vcxproj", "{667097C8-42AD-4719-99F2-8B4B0B11452B}"
EndProject
Project("{8BC9CEB8-8B4A-11D0-8D11-00A0C91BC942}") = "ex3", "ex3\ex3.vcxproj", "{B2C0F6FE-1DCE-4F24-A9EE-8B62CB865E56}"
EndProject
Project("{8BC9CEB8-8B4A-11D0-8D11-00A0C91BC942}") = "ex4", "ex4\ex4.vcxproj", "{29EB0DBE-27C2-4926-A0C9-6E29A780AB4B}"
EndProject
Project("{8BC9CEB8-8B4A-11D0-8D11-00A0C91BC942}") = "ex5", "ex5\ex5.vcxproj", "{1069730D-2AB4-4AE6-94B1-C8925C4A3BA6}"
EndProject
Project("{8BC9CEB8-8B4A-11D0-8D11-00A0C91BC942}") = "ex6", "ex6\ex6.vcxproj", "{67626F99-FCE1-4245-9BC3-FCD2986A8EB9}"
EndProject
Project("{8BC9CEB8-8B4A-11D0-8D11-00A0C91BC942}") = "ex7", "ex7\ex7.vcxproj", "{4DD879E2-C083-4C95-9796-3C1C1391B35C}"
EndProject
Project("{8BC9CEB8-8B4A-11D0-8D11-00A0C91BC942}") = "ex8", "ex8\ex8.vcxproj", "{042FE3A2-6431-4A67-A51C-965CF44DBD1F}"
EndProject
Project("{8BC9CEB8-8B4A-11D0-8D11-00A0C91BC942}") = "ex9", "ex9\ex9.vcxproj", "{9F18334B-0D92-422A-A440-E103200992F5}"
EndProject
Global
	GlobalSection(SolutionConfigurationPlatforms) = preSolution
		Debug|x64 = Debug|x64
		Debug|x86 = Debug|x86
		Release|x64 = Release|x64
		Release|x86 = Release|x86
	EndGlobalSection
	GlobalSection(ProjectConfigurationPlatforms) = postSolution
		{0D775D6E-A2AF-4DD9-86F4-FABEB3CE219B}.Debug|x64.ActiveCfg = Debug|x64
		{0D775D6E-A2AF-4DD9-86F4-FABEB3CE219B}.Debug|x64.Build.0 = Debug|x64
		{0D775D6E-A2AF-4DD9-86F4-FABEB3CE219B}.Debug|x86.ActiveCfg = Debug|Win32
		{0D775D6E-A2AF-4DD9-86F4-FABEB3CE219B}.Debug|x86.Build.0 = Debug|Win32
		{0D775D6E-A2AF-4DD9-86F4-FABEB3CE219B}.Release|x64.ActiveCfg = Release|x64
		{0D775D6E-A2AF-4DD9-86F4-FABEB3CE219B}.Release|x64.Build.0 = Release|x64
		{0D775D6E-A2AF-4DD9-86F4-FABEB3CE219B}.Release|x86.ActiveCfg = Release|Win32
		{0D775D6E-A2AF-4DD9-86F4-FABEB3CE219B}.Release|x86.Build.0 = Release|Win32
		{667097C8-42AD-4719-99F2-8B4B0B11452B}.Debug|x64.ActiveCfg = Debug|x64
		{667097C8-42AD-4719-99F2-8B4B0B11452B}.Debug|x64.Build.0 = Debug|x64
		{667097C8-42AD-4719-99F2-8B4B0B11452B}.Debug|x86.ActiveCfg = Debug|Win32
		{667097C8-42AD-4719-99F2-8B4B0B11452B}.Debug|x86.Build.0 = Debug|Win32
		{667097C8-42AD-4719-99F2-8B4B0B11452B}.Release|x64.ActiveCfg = Release|x64
		{667097C8-42AD-4719-99F2-8B4B0B11452B}.Release|x64.Build.0 = Release|x64
		{667097C8-42AD-4719-99F2-8B4B0B11452B}.Release|x86.ActiveCfg = Release|Win32
		{667097C8-42AD-4719-99F2-8B4B0B11452B}.Release|x86.Build.0 = Release|Win32
		{B2C0F6FE-1DCE-4F24-A9EE-8B62CB865E56}.Debug|x64.ActiveCfg = Debug|x64
		{B2C0F6FE-1DCE-4F24-A9EE-8B62CB865E56}.Debug|x64.Build.0 = Debug|x64
		{B2C0F6FE-1DCE-4F24-A9EE-8B62CB865E56}.Debug|x86.ActiveCfg = Debug|Win32
		{B2C0F6FE-1DCE-4F24-A9EE-8B62CB865E56}.Debug|x86.Build.0 = Debug|Win32
		{B2C0F6FE-1DCE-4F24-A9EE-8B62CB865E56}.Release|x64.ActiveCfg = Release|x64
		{B2C0F6FE-1DCE-4F24-A9EE-8B62CB865E56}.Release|x64.Build.0 = Release|x64
		{B2C0F6FE-1DCE-4F24-A9EE-8B62CB865E56}.Release|x86.ActiveCfg = Release|Win32
		{B2C0F6FE-1DCE-4F24-A9EE-8B62CB865E56}.Release|x86.Build.0 = Release|Win32
		{29EB0DBE-27C2-4926-A0C9-6E29A780AB4B}.Debug|x64.ActiveCfg = Debug|x64
		{29EB0DBE-27C2-4926-A0C9-6E29A780AB4B}.Debug|x64.Build.0 = Debug|x64
		{29EB0DBE-27C2-4926-A0C9-6E29A780AB4B}.Debug|x86.ActiveCfg = Debug|Win32
		{29EB0DBE-27C2-4926-A0C9-6E29A780AB4B}.Debug|x86.Build.0 = Debug|Win32
		{29EB0DBE-27C2-4926-A0C9-6E29A780AB4B}.Release|x64.ActiveCfg = Release|x64
		{29EB0DBE-27C2-4926-A0C9-6E29A780AB4B}.Release|x64.Build.0 = Release|x64
		{29EB0DBE-27C2-4926-A0C9-6E29A780AB4B}.Release|x86.ActiveCfg = Release|Win32
		{29EB0DBE-27C2-4926-A0C9-6E29A780AB4B}.Release|x86.Build.0 = Release|Win32
		{1069730D-2AB4-4AE6-94B1-C8925C4A3BA6}.Debug|x64.ActiveCfg = Debug|x64
		{1069730D-2AB4-4AE6-94B1-C8925C4A3BA6}.Debug|x64.Build.0 = Debug|x64
		{1069730D-2AB4-4AE6-94B1-C8925C4A3BA6}.Debug|x86.ActiveCfg = Debug|Win32
		{1069730D-2AB4-4AE6-94B1-C8925C4A3BA6}.Debug|x86.Build.0 = Debug|Win32
		{1069730D-2AB4-4AE6-94B1-C8925C4A3BA6}.Release|x64.ActiveCfg = Release|x64
		{1069730D-2AB4-4AE6-94B1-C8925C4A3BA6}.Release|x64.Build.0 = Release|x64
		{1069730D-2AB4-4AE6-94B1-C8925C4A3BA6}.Release|x86.ActiveCfg = Release|Win32
		{1069730D-2AB4-4AE6-94B1-C8925C4A3BA6}.Release|x86.Build.0 = Release|Win32
		{67626F99-FCE1-4245-9BC3-FCD2986A8EB9}.Debug|x64.ActiveCfg = Debug|x64
		{67626F99-FCE1-4245-9BC3-FCD2986A8EB9}.Debug|x64.Build.0 = Debug|x64
		{67626F99-FCE1-4245-9BC3-FCD2986A8EB9}.Debug|x86.ActiveCfg = Debug|Win32
		{67626F99-FCE1-4245-9BC3-FCD2986A8EB9}.Debug|x86.Build.0 = Debug|Win32
		{67626F99-FCE1-4245-9BC3-FCD2986A8EB9}.Release|x64.ActiveCfg = Release|x64
		{67626F99-FCE1-4245-9BC3-FCD2986A8EB9}.Release|x64.Build.0 = Release|x64
		{67626F99-FCE1-4245-9BC3-FCD2986A8EB9}.Release|x86.ActiveCfg = Release|Win32
		{67626F99-FCE1-4245-9BC3-FCD2986A8EB9}.Release|x86.Build.0 = Release|Win32
		{4DD879E2-C083-4C95-9796-3C1C1391B35C}.Debug|x64.ActiveCfg = Debug|x64
		{4DD879E2-C083-4C95-9796-3C1C1391B35C}.Debug|x64.Build.0 = Debug|x64
		{4DD879E2-C083-4C95-9796-3C1C1391B35C}.Debug|x86.ActiveCfg = Debug|Win32
		{4DD879E2-C083-4C95-9796-3C1C1391B35C}.Debug|x86.Build.0 = Debug|Win32
		{4DD879E2-C083-4C95-9796-3C1C1391B35C}.Release|x64.ActiveCfg = Release|x64
		{4DD879E2-C083-4C95-9796-3C1C1391B35C}.Release|x64.Build.0 = Release|x64
		{4DD879E2-C083-4C95-9796-3C1C1391B35C}.Release|x86.ActiveCfg = Release|Win32
		{4DD879E2-C083-4C95-9796-3C1C1391B35C}.Release|x86.Build.0 = Release|Win32
		{042FE3A2-6431-4A67-A51C-965CF44DBD1F}.Debug|x64.ActiveCfg = Debug|x64
		{042FE3A2-6431-4A67-A51C-965CF44DBD1F}.Debug|x64.Build.0 = Debug|x64
		{042FE3A2-6431-4A67-A51C-965CF44DBD1F}.Debug|x86.ActiveCfg = Debug|Win32
		{042FE3A2-6431-4A67-A51C-965CF44DBD1F}.Debug|x86.Build.0 = Debug|Win32
		{042FE3A2-6431-4A67-A51C-965CF44DBD1F}.Release|x64.ActiveCfg = Release|x64
		{042FE3A2-6431-4A67-A51C-965CF44DBD1F}.Release|x64.Build.0 = Release|x64
		{042FE3A2-6431-4A67-A51C-965CF44DBD1F}.Release|x86.ActiveCfg = Release|Win32
		{042FE3A2-6431-4A67-A51C-965CF44DBD1F}.Release|x86.Build.0 = Release|Win32
		{9F18334B-0D92-422A-A440-E103200992F5}.Debug|x64.ActiveCfg = Debug|x64
		{9F18334B-0D92-422A-A440-E103200992F5}.Debug|x64.Build.0 = Debug|x64
		{9F18334B-0D92-422A-A440-E103200992F5}.Debug|x86.ActiveCfg = Debug|Win32
		{9F18334B-0D92-422A-A440-E103200992F5}.Debug|x86.Build.0 = Debug|Win32
		{9F18334B-0D92-422A-A440-E103200992F5}.Release|x64.ActiveCfg = Release|x64
		{9F18334B-0D92-422A-A440-E103200992F5}.Release|x64.Build.0 = Release|x64
		{9F18334B-0D92-422A-A440-E103200992F5}.Release|x86.ActiveCfg = Release|Win32
		{9F18334B-0D92-422A-A440-E103200992F5}.Release|x86.Build.0 = Release|Win32
	EndGlobalSection
	GlobalSection(SolutionProperties) = preSolution
		HideSolutionNode = FALSE
	EndGlobalSection
	GlobalSection(ExtensibilityGlobals) = postSolution
		SolutionGuid = {ECD8D7A3-DA3F-4135-9580-6F30906DFD1F}
	EndGlobalSection
EndGlobal
