
Microsoft Visual Studio Solution File, Format Version 12.00
# Visual Studio Version 16
VisualStudioVersion = 16.0.30523.141
MinimumVisualStudioVersion = 10.0.40219.1
Project("{8BC9CEB8-8B4A-11D0-8D11-00A0C91BC942}") = "MainGameOG", "MainGame\MainGame.vcxproj", "{E5CB75D5-0978-4CEA-9CB7-9D8EBD8AC3F6}"
EndProject
Project("{8BC9CEB8-8B4A-11D0-8D11-00A0C91BC942}") = "printChars", "tests\tests.vcxproj", "{088D36E1-C69F-4FB3-B337-4DCBCD6F6C47}"
EndProject
Project("{8BC9CEB8-8B4A-11D0-8D11-00A0C91BC942}") = "_kbhit", "_kbhit\_kbhit.vcxproj", "{A935C744-2B3E-4C7B-941E-A61174D0F7A8}"
EndProject
Project("{8BC9CEB8-8B4A-11D0-8D11-00A0C91BC942}") = "entity_display_test", "entity_display_test\entity_display_test.vcxproj", "{C74877F1-622C-48DF-AB3F-775F430FDD4A}"
EndProject
Project("{8BC9CEB8-8B4A-11D0-8D11-00A0C91BC942}") = "problema_grup", "problema_grup\problema_grup.vcxproj", "{3CAAC233-5460-4DB2-8F90-AC00DD55CFE6}"
EndProject
Project("{8BC9CEB8-8B4A-11D0-8D11-00A0C91BC942}") = "Variable_parameter_function_tests", "Variable_parameter_function_tests\Variable_parameter_function_tests.vcxproj", "{7DC4681E-3D1F-4AC3-94B3-53C597BDB5F9}"
EndProject
Project("{8BC9CEB8-8B4A-11D0-8D11-00A0C91BC942}") = "new_usage", "new_usage\new_usage.vcxproj", "{1ED24223-7987-46B4-B164-319E76DFD549}"
EndProject
Project("{8BC9CEB8-8B4A-11D0-8D11-00A0C91BC942}") = "realloc_tests", "realloc_tests\realloc_tests.vcxproj", "{3DD5DB99-D23A-46A0-A3B5-B00BF254407F}"
EndProject
Project("{8BC9CEB8-8B4A-11D0-8D11-00A0C91BC942}") = "MainGame2021.04.08", "MainGame2021.04.08\MainGame2021.04.08.vcxproj", "{B2751D2B-CA2A-46E0-A072-8DDA781654F2}"
EndProject
Project("{8BC9CEB8-8B4A-11D0-8D11-00A0C91BC942}") = "Text_colors", "Text_colors\Text_colors.vcxproj", "{2AA83C02-CEDE-4E92-A019-F11730EED26C}"
EndProject
Project("{8BC9CEB8-8B4A-11D0-8D11-00A0C91BC942}") = "MainGame2021.04.09", "MainGame2021.04.09\MainGame2021.04.09.vcxproj", "{27138C6D-7170-4080-B732-6253584FD42C}"
EndProject
Project("{8BC9CEB8-8B4A-11D0-8D11-00A0C91BC942}") = "MainGame2021.06.06", "MainGame06.06.2021\MainGame06.06.2021.vcxproj", "{25817DC8-6B5B-42F3-A7E8-D9B6B4A527A6}"
EndProject
Project("{8BC9CEB8-8B4A-11D0-8D11-00A0C91BC942}") = "OOP_problem", "OOP_problem\OOP_problem.vcxproj", "{743E15DA-E3F8-41B8-B2ED-1F3449D3234D}"
EndProject
Project("{8BC9CEB8-8B4A-11D0-8D11-00A0C91BC942}") = "MainGame2021.06.21", "MainGame2021.06.21\MainGame2021.06.21.vcxproj", "{1657E8A0-7644-4083-BAA0-ECB7AE127289}"
EndProject
Project("{8BC9CEB8-8B4A-11D0-8D11-00A0C91BC942}") = "File_tests", "File_tests\File_tests.vcxproj", "{691B532A-D5AD-47C2-B53D-F641B1B48AFA}"
EndProject
Project("{8BC9CEB8-8B4A-11D0-8D11-00A0C91BC942}") = "MainGame2021.06.27", "MainGame2021.06.27\MainGame2021.06.27.vcxproj", "{48DA023F-AD8A-49FD-9311-55C11DD597AB}"
EndProject
Project("{8BC9CEB8-8B4A-11D0-8D11-00A0C91BC942}") = "MainGame2021.07.05", "MainGame2021.07.05\MainGame2021.07.05.vcxproj", "{DD20EA46-E2DA-473B-BDA5-3EFA6B390939}"
EndProject
Project("{8BC9CEB8-8B4A-11D0-8D11-00A0C91BC942}") = "MainGame2021.07.22", "MainGame2021.07.22\MainGame2021.07.22.vcxproj", "{FDF2BBFB-A750-49DF-A56C-7928BED04C13}"
EndProject
Project("{8BC9CEB8-8B4A-11D0-8D11-00A0C91BC942}") = "MainGame2021.08.03", "MainGame2021.08.03\MainGame2021.08.03.vcxproj", "{975A0B21-E970-4612-A00D-35F6FB348332}"
EndProject
Global
	GlobalSection(SolutionConfigurationPlatforms) = preSolution
		Debug|x64 = Debug|x64
		Debug|x86 = Debug|x86
		Release|x64 = Release|x64
		Release|x86 = Release|x86
	EndGlobalSection
	GlobalSection(ProjectConfigurationPlatforms) = postSolution
		{E5CB75D5-0978-4CEA-9CB7-9D8EBD8AC3F6}.Debug|x64.ActiveCfg = Debug|x64
		{E5CB75D5-0978-4CEA-9CB7-9D8EBD8AC3F6}.Debug|x64.Build.0 = Debug|x64
		{E5CB75D5-0978-4CEA-9CB7-9D8EBD8AC3F6}.Debug|x86.ActiveCfg = Debug|Win32
		{E5CB75D5-0978-4CEA-9CB7-9D8EBD8AC3F6}.Debug|x86.Build.0 = Debug|Win32
		{E5CB75D5-0978-4CEA-9CB7-9D8EBD8AC3F6}.Release|x64.ActiveCfg = Release|x64
		{E5CB75D5-0978-4CEA-9CB7-9D8EBD8AC3F6}.Release|x64.Build.0 = Release|x64
		{E5CB75D5-0978-4CEA-9CB7-9D8EBD8AC3F6}.Release|x86.ActiveCfg = Release|Win32
		{E5CB75D5-0978-4CEA-9CB7-9D8EBD8AC3F6}.Release|x86.Build.0 = Release|Win32
		{088D36E1-C69F-4FB3-B337-4DCBCD6F6C47}.Debug|x64.ActiveCfg = Debug|x64
		{088D36E1-C69F-4FB3-B337-4DCBCD6F6C47}.Debug|x64.Build.0 = Debug|x64
		{088D36E1-C69F-4FB3-B337-4DCBCD6F6C47}.Debug|x86.ActiveCfg = Debug|Win32
		{088D36E1-C69F-4FB3-B337-4DCBCD6F6C47}.Debug|x86.Build.0 = Debug|Win32
		{088D36E1-C69F-4FB3-B337-4DCBCD6F6C47}.Release|x64.ActiveCfg = Release|x64
		{088D36E1-C69F-4FB3-B337-4DCBCD6F6C47}.Release|x64.Build.0 = Release|x64
		{088D36E1-C69F-4FB3-B337-4DCBCD6F6C47}.Release|x86.ActiveCfg = Release|Win32
		{088D36E1-C69F-4FB3-B337-4DCBCD6F6C47}.Release|x86.Build.0 = Release|Win32
		{A935C744-2B3E-4C7B-941E-A61174D0F7A8}.Debug|x64.ActiveCfg = Debug|x64
		{A935C744-2B3E-4C7B-941E-A61174D0F7A8}.Debug|x64.Build.0 = Debug|x64
		{A935C744-2B3E-4C7B-941E-A61174D0F7A8}.Debug|x86.ActiveCfg = Debug|Win32
		{A935C744-2B3E-4C7B-941E-A61174D0F7A8}.Debug|x86.Build.0 = Debug|Win32
		{A935C744-2B3E-4C7B-941E-A61174D0F7A8}.Release|x64.ActiveCfg = Release|x64
		{A935C744-2B3E-4C7B-941E-A61174D0F7A8}.Release|x64.Build.0 = Release|x64
		{A935C744-2B3E-4C7B-941E-A61174D0F7A8}.Release|x86.ActiveCfg = Release|Win32
		{A935C744-2B3E-4C7B-941E-A61174D0F7A8}.Release|x86.Build.0 = Release|Win32
		{C74877F1-622C-48DF-AB3F-775F430FDD4A}.Debug|x64.ActiveCfg = Debug|x64
		{C74877F1-622C-48DF-AB3F-775F430FDD4A}.Debug|x64.Build.0 = Debug|x64
		{C74877F1-622C-48DF-AB3F-775F430FDD4A}.Debug|x86.ActiveCfg = Debug|Win32
		{C74877F1-622C-48DF-AB3F-775F430FDD4A}.Debug|x86.Build.0 = Debug|Win32
		{C74877F1-622C-48DF-AB3F-775F430FDD4A}.Release|x64.ActiveCfg = Release|x64
		{C74877F1-622C-48DF-AB3F-775F430FDD4A}.Release|x64.Build.0 = Release|x64
		{C74877F1-622C-48DF-AB3F-775F430FDD4A}.Release|x86.ActiveCfg = Release|Win32
		{C74877F1-622C-48DF-AB3F-775F430FDD4A}.Release|x86.Build.0 = Release|Win32
		{3CAAC233-5460-4DB2-8F90-AC00DD55CFE6}.Debug|x64.ActiveCfg = Debug|x64
		{3CAAC233-5460-4DB2-8F90-AC00DD55CFE6}.Debug|x64.Build.0 = Debug|x64
		{3CAAC233-5460-4DB2-8F90-AC00DD55CFE6}.Debug|x86.ActiveCfg = Debug|Win32
		{3CAAC233-5460-4DB2-8F90-AC00DD55CFE6}.Debug|x86.Build.0 = Debug|Win32
		{3CAAC233-5460-4DB2-8F90-AC00DD55CFE6}.Release|x64.ActiveCfg = Release|x64
		{3CAAC233-5460-4DB2-8F90-AC00DD55CFE6}.Release|x64.Build.0 = Release|x64
		{3CAAC233-5460-4DB2-8F90-AC00DD55CFE6}.Release|x86.ActiveCfg = Release|Win32
		{3CAAC233-5460-4DB2-8F90-AC00DD55CFE6}.Release|x86.Build.0 = Release|Win32
		{7DC4681E-3D1F-4AC3-94B3-53C597BDB5F9}.Debug|x64.ActiveCfg = Debug|x64
		{7DC4681E-3D1F-4AC3-94B3-53C597BDB5F9}.Debug|x64.Build.0 = Debug|x64
		{7DC4681E-3D1F-4AC3-94B3-53C597BDB5F9}.Debug|x86.ActiveCfg = Debug|Win32
		{7DC4681E-3D1F-4AC3-94B3-53C597BDB5F9}.Debug|x86.Build.0 = Debug|Win32
		{7DC4681E-3D1F-4AC3-94B3-53C597BDB5F9}.Release|x64.ActiveCfg = Release|x64
		{7DC4681E-3D1F-4AC3-94B3-53C597BDB5F9}.Release|x64.Build.0 = Release|x64
		{7DC4681E-3D1F-4AC3-94B3-53C597BDB5F9}.Release|x86.ActiveCfg = Release|Win32
		{7DC4681E-3D1F-4AC3-94B3-53C597BDB5F9}.Release|x86.Build.0 = Release|Win32
		{1ED24223-7987-46B4-B164-319E76DFD549}.Debug|x64.ActiveCfg = Debug|x64
		{1ED24223-7987-46B4-B164-319E76DFD549}.Debug|x64.Build.0 = Debug|x64
		{1ED24223-7987-46B4-B164-319E76DFD549}.Debug|x86.ActiveCfg = Debug|Win32
		{1ED24223-7987-46B4-B164-319E76DFD549}.Debug|x86.Build.0 = Debug|Win32
		{1ED24223-7987-46B4-B164-319E76DFD549}.Release|x64.ActiveCfg = Release|x64
		{1ED24223-7987-46B4-B164-319E76DFD549}.Release|x64.Build.0 = Release|x64
		{1ED24223-7987-46B4-B164-319E76DFD549}.Release|x86.ActiveCfg = Release|Win32
		{1ED24223-7987-46B4-B164-319E76DFD549}.Release|x86.Build.0 = Release|Win32
		{3DD5DB99-D23A-46A0-A3B5-B00BF254407F}.Debug|x64.ActiveCfg = Debug|x64
		{3DD5DB99-D23A-46A0-A3B5-B00BF254407F}.Debug|x64.Build.0 = Debug|x64
		{3DD5DB99-D23A-46A0-A3B5-B00BF254407F}.Debug|x86.ActiveCfg = Debug|Win32
		{3DD5DB99-D23A-46A0-A3B5-B00BF254407F}.Debug|x86.Build.0 = Debug|Win32
		{3DD5DB99-D23A-46A0-A3B5-B00BF254407F}.Release|x64.ActiveCfg = Release|x64
		{3DD5DB99-D23A-46A0-A3B5-B00BF254407F}.Release|x64.Build.0 = Release|x64
		{3DD5DB99-D23A-46A0-A3B5-B00BF254407F}.Release|x86.ActiveCfg = Release|Win32
		{3DD5DB99-D23A-46A0-A3B5-B00BF254407F}.Release|x86.Build.0 = Release|Win32
		{B2751D2B-CA2A-46E0-A072-8DDA781654F2}.Debug|x64.ActiveCfg = Debug|x64
		{B2751D2B-CA2A-46E0-A072-8DDA781654F2}.Debug|x64.Build.0 = Debug|x64
		{B2751D2B-CA2A-46E0-A072-8DDA781654F2}.Debug|x86.ActiveCfg = Debug|Win32
		{B2751D2B-CA2A-46E0-A072-8DDA781654F2}.Debug|x86.Build.0 = Debug|Win32
		{B2751D2B-CA2A-46E0-A072-8DDA781654F2}.Release|x64.ActiveCfg = Release|x64
		{B2751D2B-CA2A-46E0-A072-8DDA781654F2}.Release|x64.Build.0 = Release|x64
		{B2751D2B-CA2A-46E0-A072-8DDA781654F2}.Release|x86.ActiveCfg = Release|Win32
		{B2751D2B-CA2A-46E0-A072-8DDA781654F2}.Release|x86.Build.0 = Release|Win32
		{2AA83C02-CEDE-4E92-A019-F11730EED26C}.Debug|x64.ActiveCfg = Debug|x64
		{2AA83C02-CEDE-4E92-A019-F11730EED26C}.Debug|x64.Build.0 = Debug|x64
		{2AA83C02-CEDE-4E92-A019-F11730EED26C}.Debug|x86.ActiveCfg = Debug|Win32
		{2AA83C02-CEDE-4E92-A019-F11730EED26C}.Debug|x86.Build.0 = Debug|Win32
		{2AA83C02-CEDE-4E92-A019-F11730EED26C}.Release|x64.ActiveCfg = Release|x64
		{2AA83C02-CEDE-4E92-A019-F11730EED26C}.Release|x64.Build.0 = Release|x64
		{2AA83C02-CEDE-4E92-A019-F11730EED26C}.Release|x86.ActiveCfg = Release|Win32
		{2AA83C02-CEDE-4E92-A019-F11730EED26C}.Release|x86.Build.0 = Release|Win32
		{27138C6D-7170-4080-B732-6253584FD42C}.Debug|x64.ActiveCfg = Debug|x64
		{27138C6D-7170-4080-B732-6253584FD42C}.Debug|x64.Build.0 = Debug|x64
		{27138C6D-7170-4080-B732-6253584FD42C}.Debug|x86.ActiveCfg = Debug|Win32
		{27138C6D-7170-4080-B732-6253584FD42C}.Debug|x86.Build.0 = Debug|Win32
		{27138C6D-7170-4080-B732-6253584FD42C}.Release|x64.ActiveCfg = Release|x64
		{27138C6D-7170-4080-B732-6253584FD42C}.Release|x64.Build.0 = Release|x64
		{27138C6D-7170-4080-B732-6253584FD42C}.Release|x86.ActiveCfg = Release|Win32
		{27138C6D-7170-4080-B732-6253584FD42C}.Release|x86.Build.0 = Release|Win32
		{25817DC8-6B5B-42F3-A7E8-D9B6B4A527A6}.Debug|x64.ActiveCfg = Debug|x64
		{25817DC8-6B5B-42F3-A7E8-D9B6B4A527A6}.Debug|x64.Build.0 = Debug|x64
		{25817DC8-6B5B-42F3-A7E8-D9B6B4A527A6}.Debug|x86.ActiveCfg = Debug|Win32
		{25817DC8-6B5B-42F3-A7E8-D9B6B4A527A6}.Debug|x86.Build.0 = Debug|Win32
		{25817DC8-6B5B-42F3-A7E8-D9B6B4A527A6}.Release|x64.ActiveCfg = Release|x64
		{25817DC8-6B5B-42F3-A7E8-D9B6B4A527A6}.Release|x64.Build.0 = Release|x64
		{25817DC8-6B5B-42F3-A7E8-D9B6B4A527A6}.Release|x86.ActiveCfg = Release|Win32
		{25817DC8-6B5B-42F3-A7E8-D9B6B4A527A6}.Release|x86.Build.0 = Release|Win32
		{743E15DA-E3F8-41B8-B2ED-1F3449D3234D}.Debug|x64.ActiveCfg = Debug|x64
		{743E15DA-E3F8-41B8-B2ED-1F3449D3234D}.Debug|x64.Build.0 = Debug|x64
		{743E15DA-E3F8-41B8-B2ED-1F3449D3234D}.Debug|x86.ActiveCfg = Debug|Win32
		{743E15DA-E3F8-41B8-B2ED-1F3449D3234D}.Debug|x86.Build.0 = Debug|Win32
		{743E15DA-E3F8-41B8-B2ED-1F3449D3234D}.Release|x64.ActiveCfg = Release|x64
		{743E15DA-E3F8-41B8-B2ED-1F3449D3234D}.Release|x64.Build.0 = Release|x64
		{743E15DA-E3F8-41B8-B2ED-1F3449D3234D}.Release|x86.ActiveCfg = Release|Win32
		{743E15DA-E3F8-41B8-B2ED-1F3449D3234D}.Release|x86.Build.0 = Release|Win32
		{1657E8A0-7644-4083-BAA0-ECB7AE127289}.Debug|x64.ActiveCfg = Debug|x64
		{1657E8A0-7644-4083-BAA0-ECB7AE127289}.Debug|x64.Build.0 = Debug|x64
		{1657E8A0-7644-4083-BAA0-ECB7AE127289}.Debug|x86.ActiveCfg = Debug|Win32
		{1657E8A0-7644-4083-BAA0-ECB7AE127289}.Debug|x86.Build.0 = Debug|Win32
		{1657E8A0-7644-4083-BAA0-ECB7AE127289}.Release|x64.ActiveCfg = Release|x64
		{1657E8A0-7644-4083-BAA0-ECB7AE127289}.Release|x64.Build.0 = Release|x64
		{1657E8A0-7644-4083-BAA0-ECB7AE127289}.Release|x86.ActiveCfg = Release|Win32
		{1657E8A0-7644-4083-BAA0-ECB7AE127289}.Release|x86.Build.0 = Release|Win32
		{691B532A-D5AD-47C2-B53D-F641B1B48AFA}.Debug|x64.ActiveCfg = Debug|x64
		{691B532A-D5AD-47C2-B53D-F641B1B48AFA}.Debug|x64.Build.0 = Debug|x64
		{691B532A-D5AD-47C2-B53D-F641B1B48AFA}.Debug|x86.ActiveCfg = Debug|Win32
		{691B532A-D5AD-47C2-B53D-F641B1B48AFA}.Debug|x86.Build.0 = Debug|Win32
		{691B532A-D5AD-47C2-B53D-F641B1B48AFA}.Release|x64.ActiveCfg = Release|x64
		{691B532A-D5AD-47C2-B53D-F641B1B48AFA}.Release|x64.Build.0 = Release|x64
		{691B532A-D5AD-47C2-B53D-F641B1B48AFA}.Release|x86.ActiveCfg = Release|Win32
		{691B532A-D5AD-47C2-B53D-F641B1B48AFA}.Release|x86.Build.0 = Release|Win32
		{48DA023F-AD8A-49FD-9311-55C11DD597AB}.Debug|x64.ActiveCfg = Debug|x64
		{48DA023F-AD8A-49FD-9311-55C11DD597AB}.Debug|x64.Build.0 = Debug|x64
		{48DA023F-AD8A-49FD-9311-55C11DD597AB}.Debug|x86.ActiveCfg = Debug|Win32
		{48DA023F-AD8A-49FD-9311-55C11DD597AB}.Debug|x86.Build.0 = Debug|Win32
		{48DA023F-AD8A-49FD-9311-55C11DD597AB}.Release|x64.ActiveCfg = Release|x64
		{48DA023F-AD8A-49FD-9311-55C11DD597AB}.Release|x64.Build.0 = Release|x64
		{48DA023F-AD8A-49FD-9311-55C11DD597AB}.Release|x86.ActiveCfg = Release|Win32
		{48DA023F-AD8A-49FD-9311-55C11DD597AB}.Release|x86.Build.0 = Release|Win32
		{DD20EA46-E2DA-473B-BDA5-3EFA6B390939}.Debug|x64.ActiveCfg = Debug|x64
		{DD20EA46-E2DA-473B-BDA5-3EFA6B390939}.Debug|x64.Build.0 = Debug|x64
		{DD20EA46-E2DA-473B-BDA5-3EFA6B390939}.Debug|x86.ActiveCfg = Debug|Win32
		{DD20EA46-E2DA-473B-BDA5-3EFA6B390939}.Debug|x86.Build.0 = Debug|Win32
		{DD20EA46-E2DA-473B-BDA5-3EFA6B390939}.Release|x64.ActiveCfg = Release|x64
		{DD20EA46-E2DA-473B-BDA5-3EFA6B390939}.Release|x64.Build.0 = Release|x64
		{DD20EA46-E2DA-473B-BDA5-3EFA6B390939}.Release|x86.ActiveCfg = Release|Win32
		{DD20EA46-E2DA-473B-BDA5-3EFA6B390939}.Release|x86.Build.0 = Release|Win32
		{FDF2BBFB-A750-49DF-A56C-7928BED04C13}.Debug|x64.ActiveCfg = Debug|x64
		{FDF2BBFB-A750-49DF-A56C-7928BED04C13}.Debug|x64.Build.0 = Debug|x64
		{FDF2BBFB-A750-49DF-A56C-7928BED04C13}.Debug|x86.ActiveCfg = Debug|Win32
		{FDF2BBFB-A750-49DF-A56C-7928BED04C13}.Debug|x86.Build.0 = Debug|Win32
		{FDF2BBFB-A750-49DF-A56C-7928BED04C13}.Release|x64.ActiveCfg = Release|x64
		{FDF2BBFB-A750-49DF-A56C-7928BED04C13}.Release|x64.Build.0 = Release|x64
		{FDF2BBFB-A750-49DF-A56C-7928BED04C13}.Release|x86.ActiveCfg = Release|Win32
		{FDF2BBFB-A750-49DF-A56C-7928BED04C13}.Release|x86.Build.0 = Release|Win32
		{975A0B21-E970-4612-A00D-35F6FB348332}.Debug|x64.ActiveCfg = Debug|x64
		{975A0B21-E970-4612-A00D-35F6FB348332}.Debug|x64.Build.0 = Debug|x64
		{975A0B21-E970-4612-A00D-35F6FB348332}.Debug|x86.ActiveCfg = Debug|Win32
		{975A0B21-E970-4612-A00D-35F6FB348332}.Debug|x86.Build.0 = Debug|Win32
		{975A0B21-E970-4612-A00D-35F6FB348332}.Release|x64.ActiveCfg = Release|x64
		{975A0B21-E970-4612-A00D-35F6FB348332}.Release|x64.Build.0 = Release|x64
		{975A0B21-E970-4612-A00D-35F6FB348332}.Release|x86.ActiveCfg = Release|Win32
		{975A0B21-E970-4612-A00D-35F6FB348332}.Release|x86.Build.0 = Release|Win32
	EndGlobalSection
	GlobalSection(SolutionProperties) = preSolution
		HideSolutionNode = FALSE
	EndGlobalSection
	GlobalSection(ExtensibilityGlobals) = postSolution
		SolutionGuid = {547DE340-BD35-4CC7-ABBD-CDFE30F125CC}
	EndGlobalSection
EndGlobal
