
Microsoft Visual Studio Solution File, Format Version 12.00
# Visual Studio Version 16
VisualStudioVersion = 16.0.30523.141
MinimumVisualStudioVersion = 10.0.40219.1
Project("{8BC9CEB8-8B4A-11D0-8D11-00A0C91BC942}") = "ex1", "ex1\ex1.vcxproj", "{739DA1A8-C720-4DD6-9688-260664D0342E}"
EndProject
Project("{8BC9CEB8-8B4A-11D0-8D11-00A0C91BC942}") = "bobo", "bobo\bobo.vcxproj", "{592A3FF3-8FB6-46CB-BA72-6B9E8955462E}"
EndProject
Global
	GlobalSection(SolutionConfigurationPlatforms) = preSolution
		Debug|x64 = Debug|x64
		Debug|x86 = Debug|x86
		Release|x64 = Release|x64
		Release|x86 = Release|x86
	EndGlobalSection
	GlobalSection(ProjectConfigurationPlatforms) = postSolution
		{739DA1A8-C720-4DD6-9688-260664D0342E}.Debug|x64.ActiveCfg = Debug|x64
		{739DA1A8-C720-4DD6-9688-260664D0342E}.Debug|x64.Build.0 = Debug|x64
		{739DA1A8-C720-4DD6-9688-260664D0342E}.Debug|x86.ActiveCfg = Debug|Win32
		{739DA1A8-C720-4DD6-9688-260664D0342E}.Debug|x86.Build.0 = Debug|Win32
		{739DA1A8-C720-4DD6-9688-260664D0342E}.Release|x64.ActiveCfg = Release|x64
		{739DA1A8-C720-4DD6-9688-260664D0342E}.Release|x64.Build.0 = Release|x64
		{739DA1A8-C720-4DD6-9688-260664D0342E}.Release|x86.ActiveCfg = Release|Win32
		{739DA1A8-C720-4DD6-9688-260664D0342E}.Release|x86.Build.0 = Release|Win32
		{592A3FF3-8FB6-46CB-BA72-6B9E8955462E}.Debug|x64.ActiveCfg = Debug|x64
		{592A3FF3-8FB6-46CB-BA72-6B9E8955462E}.Debug|x64.Build.0 = Debug|x64
		{592A3FF3-8FB6-46CB-BA72-6B9E8955462E}.Debug|x86.ActiveCfg = Debug|Win32
		{592A3FF3-8FB6-46CB-BA72-6B9E8955462E}.Debug|x86.Build.0 = Debug|Win32
		{592A3FF3-8FB6-46CB-BA72-6B9E8955462E}.Release|x64.ActiveCfg = Release|x64
		{592A3FF3-8FB6-46CB-BA72-6B9E8955462E}.Release|x64.Build.0 = Release|x64
		{592A3FF3-8FB6-46CB-BA72-6B9E8955462E}.Release|x86.ActiveCfg = Release|Win32
		{592A3FF3-8FB6-46CB-BA72-6B9E8955462E}.Release|x86.Build.0 = Release|Win32
	EndGlobalSection
	GlobalSection(SolutionProperties) = preSolution
		HideSolutionNode = FALSE
	EndGlobalSection
	GlobalSection(ExtensibilityGlobals) = postSolution
		SolutionGuid = {A44189A8-3A97-4286-AAA7-98D2E687B969}
	EndGlobalSection
EndGlobal
