
Microsoft Visual Studio Solution File, Format Version 12.00
# Visual Studio Version 16
VisualStudioVersion = 16.0.30503.244
MinimumVisualStudioVersion = 10.0.40219.1
Project("{8BC9CEB8-8B4A-11D0-8D11-00A0C91BC942}") = "lab3", "lab3.vcxproj", "{B6B5D877-3FAE-434A-84C2-9C8417E3FB78}"
EndProject
Global
	GlobalSection(SolutionConfigurationPlatforms) = preSolution
		Debug|x64 = Debug|x64
		Debug|x86 = Debug|x86
		Release|x64 = Release|x64
		Release|x86 = Release|x86
	EndGlobalSection
	GlobalSection(ProjectConfigurationPlatforms) = postSolution
		{B6B5D877-3FAE-434A-84C2-9C8417E3FB78}.Debug|x64.ActiveCfg = Debug|x64
		{B6B5D877-3FAE-434A-84C2-9C8417E3FB78}.Debug|x64.Build.0 = Debug|x64
		{B6B5D877-3FAE-434A-84C2-9C8417E3FB78}.Debug|x86.ActiveCfg = Debug|Win32
		{B6B5D877-3FAE-434A-84C2-9C8417E3FB78}.Debug|x86.Build.0 = Debug|Win32
		{B6B5D877-3FAE-434A-84C2-9C8417E3FB78}.Release|x64.ActiveCfg = Release|x64
		{B6B5D877-3FAE-434A-84C2-9C8417E3FB78}.Release|x64.Build.0 = Release|x64
		{B6B5D877-3FAE-434A-84C2-9C8417E3FB78}.Release|x86.ActiveCfg = Release|Win32
		{B6B5D877-3FAE-434A-84C2-9C8417E3FB78}.Release|x86.Build.0 = Release|Win32
	EndGlobalSection
	GlobalSection(SolutionProperties) = preSolution
		HideSolutionNode = FALSE
	EndGlobalSection
	GlobalSection(ExtensibilityGlobals) = postSolution
		SolutionGuid = {6EED9AD4-03CF-4DEB-8620-94FCA8CA7DED}
	EndGlobalSection
EndGlobal
