
Microsoft Visual Studio Solution File, Format Version 12.00
# Visual Studio Version 16
VisualStudioVersion = 16.0.30523.141
MinimumVisualStudioVersion = 10.0.40219.1
Project("{8BC9CEB8-8B4A-11D0-8D11-00A0C91BC942}") = "ex7", "labMAP00.vcxproj", "{C6869E18-94D6-4CE8-96AC-C541D8FEEC6B}"
EndProject
Project("{8BC9CEB8-8B4A-11D0-8D11-00A0C91BC942}") = "ex1", "..\da\da.vcxproj", "{D27C55A4-2F1A-4A7A-B89E-9C0C3B721969}"
EndProject
Project("{8BC9CEB8-8B4A-11D0-8D11-00A0C91BC942}") = "ex2", "..\ex2\ex2.vcxproj", "{8A89C81B-651D-4B52-8909-CB6EE858EF91}"
EndProject
Project("{8BC9CEB8-8B4A-11D0-8D11-00A0C91BC942}") = "ex3", "..\ex3\ex3.vcxproj", "{9A1FBA89-12AC-4641-BBA3-6CF7F681810A}"
EndProject
Project("{8BC9CEB8-8B4A-11D0-8D11-00A0C91BC942}") = "ex4", "..\ex4\ex4.vcxproj", "{6CFF18D4-25C7-454A-90F3-F8D7121350C3}"
EndProject
Project("{8BC9CEB8-8B4A-11D0-8D11-00A0C91BC942}") = "ex5", "..\ex5\ex5.vcxproj", "{504FABBA-8BF0-4349-93A0-C37ADF9D548E}"
EndProject
Project("{8BC9CEB8-8B4A-11D0-8D11-00A0C91BC942}") = "ex6", "..\ex6\ex6.vcxproj", "{A791A96A-B33A-418C-B564-0D1E41841760}"
EndProject
Project("{8BC9CEB8-8B4A-11D0-8D11-00A0C91BC942}") = "ex8", "..\ex8\ex8.vcxproj", "{E1A753BC-59DE-4463-9604-0A1A15BC8A6C}"
EndProject
Project("{8BC9CEB8-8B4A-11D0-8D11-00A0C91BC942}") = "Ex aloc din matrice", "..\ex9\ex9.vcxproj", "{D48A9D07-3AD6-43BE-B60F-29172E1ECC28}"
EndProject
Project("{8BC9CEB8-8B4A-11D0-8D11-00A0C91BC942}") = "ex9.", "..\ex99\ex99.vcxproj", "{25A03A34-CC2E-48DE-A0F8-B25FBED6B40E}"
EndProject
Project("{8BC9CEB8-8B4A-11D0-8D11-00A0C91BC942}") = "ex10", "..\ex10\ex10.vcxproj", "{BD3C2CB7-B7AD-4F08-A715-CE7092BFB58A}"
EndProject
Project("{8BC9CEB8-8B4A-11D0-8D11-00A0C91BC942}") = "Geo", "..\Geo\Geo.vcxproj", "{ADA17AA0-CA90-4521-AA0A-6E825CEEB8C2}"
EndProject
Project("{8BC9CEB8-8B4A-11D0-8D11-00A0C91BC942}") = "ex11", "..\ex11\ex11.vcxproj", "{B0947C97-CB0C-48F9-B461-6ECE26A74BE0}"
EndProject
Global
	GlobalSection(SolutionConfigurationPlatforms) = preSolution
		Debug|x64 = Debug|x64
		Debug|x86 = Debug|x86
		Release|x64 = Release|x64
		Release|x86 = Release|x86
	EndGlobalSection
	GlobalSection(ProjectConfigurationPlatforms) = postSolution
		{C6869E18-94D6-4CE8-96AC-C541D8FEEC6B}.Debug|x64.ActiveCfg = Debug|x64
		{C6869E18-94D6-4CE8-96AC-C541D8FEEC6B}.Debug|x64.Build.0 = Debug|x64
		{C6869E18-94D6-4CE8-96AC-C541D8FEEC6B}.Debug|x86.ActiveCfg = Debug|Win32
		{C6869E18-94D6-4CE8-96AC-C541D8FEEC6B}.Debug|x86.Build.0 = Debug|Win32
		{C6869E18-94D6-4CE8-96AC-C541D8FEEC6B}.Release|x64.ActiveCfg = Release|x64
		{C6869E18-94D6-4CE8-96AC-C541D8FEEC6B}.Release|x64.Build.0 = Release|x64
		{C6869E18-94D6-4CE8-96AC-C541D8FEEC6B}.Release|x86.ActiveCfg = Release|Win32
		{C6869E18-94D6-4CE8-96AC-C541D8FEEC6B}.Release|x86.Build.0 = Release|Win32
		{D27C55A4-2F1A-4A7A-B89E-9C0C3B721969}.Debug|x64.ActiveCfg = Debug|x64
		{D27C55A4-2F1A-4A7A-B89E-9C0C3B721969}.Debug|x64.Build.0 = Debug|x64
		{D27C55A4-2F1A-4A7A-B89E-9C0C3B721969}.Debug|x86.ActiveCfg = Debug|Win32
		{D27C55A4-2F1A-4A7A-B89E-9C0C3B721969}.Debug|x86.Build.0 = Debug|Win32
		{D27C55A4-2F1A-4A7A-B89E-9C0C3B721969}.Release|x64.ActiveCfg = Release|x64
		{D27C55A4-2F1A-4A7A-B89E-9C0C3B721969}.Release|x64.Build.0 = Release|x64
		{D27C55A4-2F1A-4A7A-B89E-9C0C3B721969}.Release|x86.ActiveCfg = Release|Win32
		{D27C55A4-2F1A-4A7A-B89E-9C0C3B721969}.Release|x86.Build.0 = Release|Win32
		{8A89C81B-651D-4B52-8909-CB6EE858EF91}.Debug|x64.ActiveCfg = Debug|x64
		{8A89C81B-651D-4B52-8909-CB6EE858EF91}.Debug|x64.Build.0 = Debug|x64
		{8A89C81B-651D-4B52-8909-CB6EE858EF91}.Debug|x86.ActiveCfg = Debug|Win32
		{8A89C81B-651D-4B52-8909-CB6EE858EF91}.Debug|x86.Build.0 = Debug|Win32
		{8A89C81B-651D-4B52-8909-CB6EE858EF91}.Release|x64.ActiveCfg = Release|x64
		{8A89C81B-651D-4B52-8909-CB6EE858EF91}.Release|x64.Build.0 = Release|x64
		{8A89C81B-651D-4B52-8909-CB6EE858EF91}.Release|x86.ActiveCfg = Release|Win32
		{8A89C81B-651D-4B52-8909-CB6EE858EF91}.Release|x86.Build.0 = Release|Win32
		{9A1FBA89-12AC-4641-BBA3-6CF7F681810A}.Debug|x64.ActiveCfg = Debug|x64
		{9A1FBA89-12AC-4641-BBA3-6CF7F681810A}.Debug|x64.Build.0 = Debug|x64
		{9A1FBA89-12AC-4641-BBA3-6CF7F681810A}.Debug|x86.ActiveCfg = Debug|Win32
		{9A1FBA89-12AC-4641-BBA3-6CF7F681810A}.Debug|x86.Build.0 = Debug|Win32
		{9A1FBA89-12AC-4641-BBA3-6CF7F681810A}.Release|x64.ActiveCfg = Release|x64
		{9A1FBA89-12AC-4641-BBA3-6CF7F681810A}.Release|x64.Build.0 = Release|x64
		{9A1FBA89-12AC-4641-BBA3-6CF7F681810A}.Release|x86.ActiveCfg = Release|Win32
		{9A1FBA89-12AC-4641-BBA3-6CF7F681810A}.Release|x86.Build.0 = Release|Win32
		{6CFF18D4-25C7-454A-90F3-F8D7121350C3}.Debug|x64.ActiveCfg = Debug|x64
		{6CFF18D4-25C7-454A-90F3-F8D7121350C3}.Debug|x64.Build.0 = Debug|x64
		{6CFF18D4-25C7-454A-90F3-F8D7121350C3}.Debug|x86.ActiveCfg = Debug|Win32
		{6CFF18D4-25C7-454A-90F3-F8D7121350C3}.Debug|x86.Build.0 = Debug|Win32
		{6CFF18D4-25C7-454A-90F3-F8D7121350C3}.Release|x64.ActiveCfg = Release|x64
		{6CFF18D4-25C7-454A-90F3-F8D7121350C3}.Release|x64.Build.0 = Release|x64
		{6CFF18D4-25C7-454A-90F3-F8D7121350C3}.Release|x86.ActiveCfg = Release|Win32
		{6CFF18D4-25C7-454A-90F3-F8D7121350C3}.Release|x86.Build.0 = Release|Win32
		{504FABBA-8BF0-4349-93A0-C37ADF9D548E}.Debug|x64.ActiveCfg = Debug|x64
		{504FABBA-8BF0-4349-93A0-C37ADF9D548E}.Debug|x64.Build.0 = Debug|x64
		{504FABBA-8BF0-4349-93A0-C37ADF9D548E}.Debug|x86.ActiveCfg = Debug|Win32
		{504FABBA-8BF0-4349-93A0-C37ADF9D548E}.Debug|x86.Build.0 = Debug|Win32
		{504FABBA-8BF0-4349-93A0-C37ADF9D548E}.Release|x64.ActiveCfg = Release|x64
		{504FABBA-8BF0-4349-93A0-C37ADF9D548E}.Release|x64.Build.0 = Release|x64
		{504FABBA-8BF0-4349-93A0-C37ADF9D548E}.Release|x86.ActiveCfg = Release|Win32
		{504FABBA-8BF0-4349-93A0-C37ADF9D548E}.Release|x86.Build.0 = Release|Win32
		{A791A96A-B33A-418C-B564-0D1E41841760}.Debug|x64.ActiveCfg = Debug|x64
		{A791A96A-B33A-418C-B564-0D1E41841760}.Debug|x64.Build.0 = Debug|x64
		{A791A96A-B33A-418C-B564-0D1E41841760}.Debug|x86.ActiveCfg = Debug|Win32
		{A791A96A-B33A-418C-B564-0D1E41841760}.Debug|x86.Build.0 = Debug|Win32
		{A791A96A-B33A-418C-B564-0D1E41841760}.Release|x64.ActiveCfg = Release|x64
		{A791A96A-B33A-418C-B564-0D1E41841760}.Release|x64.Build.0 = Release|x64
		{A791A96A-B33A-418C-B564-0D1E41841760}.Release|x86.ActiveCfg = Release|Win32
		{A791A96A-B33A-418C-B564-0D1E41841760}.Release|x86.Build.0 = Release|Win32
		{E1A753BC-59DE-4463-9604-0A1A15BC8A6C}.Debug|x64.ActiveCfg = Debug|x64
		{E1A753BC-59DE-4463-9604-0A1A15BC8A6C}.Debug|x64.Build.0 = Debug|x64
		{E1A753BC-59DE-4463-9604-0A1A15BC8A6C}.Debug|x86.ActiveCfg = Debug|Win32
		{E1A753BC-59DE-4463-9604-0A1A15BC8A6C}.Debug|x86.Build.0 = Debug|Win32
		{E1A753BC-59DE-4463-9604-0A1A15BC8A6C}.Release|x64.ActiveCfg = Release|x64
		{E1A753BC-59DE-4463-9604-0A1A15BC8A6C}.Release|x64.Build.0 = Release|x64
		{E1A753BC-59DE-4463-9604-0A1A15BC8A6C}.Release|x86.ActiveCfg = Release|Win32
		{E1A753BC-59DE-4463-9604-0A1A15BC8A6C}.Release|x86.Build.0 = Release|Win32
		{D48A9D07-3AD6-43BE-B60F-29172E1ECC28}.Debug|x64.ActiveCfg = Debug|x64
		{D48A9D07-3AD6-43BE-B60F-29172E1ECC28}.Debug|x64.Build.0 = Debug|x64
		{D48A9D07-3AD6-43BE-B60F-29172E1ECC28}.Debug|x86.ActiveCfg = Debug|Win32
		{D48A9D07-3AD6-43BE-B60F-29172E1ECC28}.Debug|x86.Build.0 = Debug|Win32
		{D48A9D07-3AD6-43BE-B60F-29172E1ECC28}.Release|x64.ActiveCfg = Release|x64
		{D48A9D07-3AD6-43BE-B60F-29172E1ECC28}.Release|x64.Build.0 = Release|x64
		{D48A9D07-3AD6-43BE-B60F-29172E1ECC28}.Release|x86.ActiveCfg = Release|Win32
		{D48A9D07-3AD6-43BE-B60F-29172E1ECC28}.Release|x86.Build.0 = Release|Win32
		{25A03A34-CC2E-48DE-A0F8-B25FBED6B40E}.Debug|x64.ActiveCfg = Debug|x64
		{25A03A34-CC2E-48DE-A0F8-B25FBED6B40E}.Debug|x64.Build.0 = Debug|x64
		{25A03A34-CC2E-48DE-A0F8-B25FBED6B40E}.Debug|x86.ActiveCfg = Debug|Win32
		{25A03A34-CC2E-48DE-A0F8-B25FBED6B40E}.Debug|x86.Build.0 = Debug|Win32
		{25A03A34-CC2E-48DE-A0F8-B25FBED6B40E}.Release|x64.ActiveCfg = Release|x64
		{25A03A34-CC2E-48DE-A0F8-B25FBED6B40E}.Release|x64.Build.0 = Release|x64
		{25A03A34-CC2E-48DE-A0F8-B25FBED6B40E}.Release|x86.ActiveCfg = Release|Win32
		{25A03A34-CC2E-48DE-A0F8-B25FBED6B40E}.Release|x86.Build.0 = Release|Win32
		{BD3C2CB7-B7AD-4F08-A715-CE7092BFB58A}.Debug|x64.ActiveCfg = Debug|x64
		{BD3C2CB7-B7AD-4F08-A715-CE7092BFB58A}.Debug|x64.Build.0 = Debug|x64
		{BD3C2CB7-B7AD-4F08-A715-CE7092BFB58A}.Debug|x86.ActiveCfg = Debug|Win32
		{BD3C2CB7-B7AD-4F08-A715-CE7092BFB58A}.Debug|x86.Build.0 = Debug|Win32
		{BD3C2CB7-B7AD-4F08-A715-CE7092BFB58A}.Release|x64.ActiveCfg = Release|x64
		{BD3C2CB7-B7AD-4F08-A715-CE7092BFB58A}.Release|x64.Build.0 = Release|x64
		{BD3C2CB7-B7AD-4F08-A715-CE7092BFB58A}.Release|x86.ActiveCfg = Release|Win32
		{BD3C2CB7-B7AD-4F08-A715-CE7092BFB58A}.Release|x86.Build.0 = Release|Win32
		{ADA17AA0-CA90-4521-AA0A-6E825CEEB8C2}.Debug|x64.ActiveCfg = Debug|x64
		{ADA17AA0-CA90-4521-AA0A-6E825CEEB8C2}.Debug|x64.Build.0 = Debug|x64
		{ADA17AA0-CA90-4521-AA0A-6E825CEEB8C2}.Debug|x86.ActiveCfg = Debug|Win32
		{ADA17AA0-CA90-4521-AA0A-6E825CEEB8C2}.Debug|x86.Build.0 = Debug|Win32
		{ADA17AA0-CA90-4521-AA0A-6E825CEEB8C2}.Release|x64.ActiveCfg = Release|x64
		{ADA17AA0-CA90-4521-AA0A-6E825CEEB8C2}.Release|x64.Build.0 = Release|x64
		{ADA17AA0-CA90-4521-AA0A-6E825CEEB8C2}.Release|x86.ActiveCfg = Release|Win32
		{ADA17AA0-CA90-4521-AA0A-6E825CEEB8C2}.Release|x86.Build.0 = Release|Win32
		{B0947C97-CB0C-48F9-B461-6ECE26A74BE0}.Debug|x64.ActiveCfg = Debug|x64
		{B0947C97-CB0C-48F9-B461-6ECE26A74BE0}.Debug|x64.Build.0 = Debug|x64
		{B0947C97-CB0C-48F9-B461-6ECE26A74BE0}.Debug|x86.ActiveCfg = Debug|Win32
		{B0947C97-CB0C-48F9-B461-6ECE26A74BE0}.Debug|x86.Build.0 = Debug|Win32
		{B0947C97-CB0C-48F9-B461-6ECE26A74BE0}.Release|x64.ActiveCfg = Release|x64
		{B0947C97-CB0C-48F9-B461-6ECE26A74BE0}.Release|x64.Build.0 = Release|x64
		{B0947C97-CB0C-48F9-B461-6ECE26A74BE0}.Release|x86.ActiveCfg = Release|Win32
		{B0947C97-CB0C-48F9-B461-6ECE26A74BE0}.Release|x86.Build.0 = Release|Win32
	EndGlobalSection
	GlobalSection(SolutionProperties) = preSolution
		HideSolutionNode = FALSE
	EndGlobalSection
	GlobalSection(ExtensibilityGlobals) = postSolution
		SolutionGuid = {0BF41C09-C9C0-40DF-9720-0209B7A2398E}
	EndGlobalSection
EndGlobal
