
Microsoft Visual Studio Solution File, Format Version 12.00
# Visual Studio Version 16
VisualStudioVersion = 16.0.30523.141
MinimumVisualStudioVersion = 10.0.40219.1
Project("{8BC9CEB8-8B4A-11D0-8D11-00A0C91BC942}") = "ex1 C caracter cu caracter", "ex1\ex1.vcxproj", "{B16E586A-3DBF-47D7-BFA4-5627744714A4}"
EndProject
Project("{8BC9CEB8-8B4A-11D0-8D11-00A0C91BC942}") = "ex1 CPP", "ex1 CPP\ex1 CPP.vcxproj", "{D1E52A91-5D95-42CF-8601-B11EE7CDAFBB}"
EndProject
Project("{8BC9CEB8-8B4A-11D0-8D11-00A0C91BC942}") = "ex1 C linie cu linie", "ex1 C linie cu linie\ex1 C linie cu linie.vcxproj", "{7337B578-A0E3-493E-983E-A9E791AB6548}"
EndProject
Project("{8BC9CEB8-8B4A-11D0-8D11-00A0C91BC942}") = "ex2 C", "ex2 C\ex2 C.vcxproj", "{B434399F-5618-435A-AA7C-0818B25BA293}"
EndProject
Project("{8BC9CEB8-8B4A-11D0-8D11-00A0C91BC942}") = "ex3", "ex3\ex3.vcxproj", "{E82BC99E-9E81-4F63-AAFD-E1C7EBA3989F}"
EndProject
Project("{8BC9CEB8-8B4A-11D0-8D11-00A0C91BC942}") = "ex4", "ex4\ex4.vcxproj", "{CC518863-E490-47E4-9227-644C6A904495}"
EndProject
Project("{8BC9CEB8-8B4A-11D0-8D11-00A0C91BC942}") = "ex5", "ex5\ex5.vcxproj", "{F77BCCC1-2AE7-44A7-A626-F60C37572C95}"
EndProject
Project("{8BC9CEB8-8B4A-11D0-8D11-00A0C91BC942}") = "ex6", "ex6\ex6.vcxproj", "{D15808AF-FA0F-418C-AFB7-BCCBA00683AF}"
EndProject
Project("{8BC9CEB8-8B4A-11D0-8D11-00A0C91BC942}") = "ex7", "ex7\ex7.vcxproj", "{39D7E7C6-8B5F-4174-AC7F-296D91D720E7}"
EndProject
Project("{8BC9CEB8-8B4A-11D0-8D11-00A0C91BC942}") = "ex9", "ex9\ex9.vcxproj", "{16850CAC-3FD1-4458-B844-E1474CB31E25}"
EndProject
Global
	GlobalSection(SolutionConfigurationPlatforms) = preSolution
		Debug|x64 = Debug|x64
		Debug|x86 = Debug|x86
		Release|x64 = Release|x64
		Release|x86 = Release|x86
	EndGlobalSection
	GlobalSection(ProjectConfigurationPlatforms) = postSolution
		{B16E586A-3DBF-47D7-BFA4-5627744714A4}.Debug|x64.ActiveCfg = Debug|x64
		{B16E586A-3DBF-47D7-BFA4-5627744714A4}.Debug|x64.Build.0 = Debug|x64
		{B16E586A-3DBF-47D7-BFA4-5627744714A4}.Debug|x86.ActiveCfg = Debug|Win32
		{B16E586A-3DBF-47D7-BFA4-5627744714A4}.Debug|x86.Build.0 = Debug|Win32
		{B16E586A-3DBF-47D7-BFA4-5627744714A4}.Release|x64.ActiveCfg = Release|x64
		{B16E586A-3DBF-47D7-BFA4-5627744714A4}.Release|x64.Build.0 = Release|x64
		{B16E586A-3DBF-47D7-BFA4-5627744714A4}.Release|x86.ActiveCfg = Release|Win32
		{B16E586A-3DBF-47D7-BFA4-5627744714A4}.Release|x86.Build.0 = Release|Win32
		{D1E52A91-5D95-42CF-8601-B11EE7CDAFBB}.Debug|x64.ActiveCfg = Debug|x64
		{D1E52A91-5D95-42CF-8601-B11EE7CDAFBB}.Debug|x64.Build.0 = Debug|x64
		{D1E52A91-5D95-42CF-8601-B11EE7CDAFBB}.Debug|x86.ActiveCfg = Debug|Win32
		{D1E52A91-5D95-42CF-8601-B11EE7CDAFBB}.Debug|x86.Build.0 = Debug|Win32
		{D1E52A91-5D95-42CF-8601-B11EE7CDAFBB}.Release|x64.ActiveCfg = Release|x64
		{D1E52A91-5D95-42CF-8601-B11EE7CDAFBB}.Release|x64.Build.0 = Release|x64
		{D1E52A91-5D95-42CF-8601-B11EE7CDAFBB}.Release|x86.ActiveCfg = Release|Win32
		{D1E52A91-5D95-42CF-8601-B11EE7CDAFBB}.Release|x86.Build.0 = Release|Win32
		{7337B578-A0E3-493E-983E-A9E791AB6548}.Debug|x64.ActiveCfg = Debug|x64
		{7337B578-A0E3-493E-983E-A9E791AB6548}.Debug|x64.Build.0 = Debug|x64
		{7337B578-A0E3-493E-983E-A9E791AB6548}.Debug|x86.ActiveCfg = Debug|Win32
		{7337B578-A0E3-493E-983E-A9E791AB6548}.Debug|x86.Build.0 = Debug|Win32
		{7337B578-A0E3-493E-983E-A9E791AB6548}.Release|x64.ActiveCfg = Release|x64
		{7337B578-A0E3-493E-983E-A9E791AB6548}.Release|x64.Build.0 = Release|x64
		{7337B578-A0E3-493E-983E-A9E791AB6548}.Release|x86.ActiveCfg = Release|Win32
		{7337B578-A0E3-493E-983E-A9E791AB6548}.Release|x86.Build.0 = Release|Win32
		{B434399F-5618-435A-AA7C-0818B25BA293}.Debug|x64.ActiveCfg = Debug|x64
		{B434399F-5618-435A-AA7C-0818B25BA293}.Debug|x64.Build.0 = Debug|x64
		{B434399F-5618-435A-AA7C-0818B25BA293}.Debug|x86.ActiveCfg = Debug|Win32
		{B434399F-5618-435A-AA7C-0818B25BA293}.Debug|x86.Build.0 = Debug|Win32
		{B434399F-5618-435A-AA7C-0818B25BA293}.Release|x64.ActiveCfg = Release|x64
		{B434399F-5618-435A-AA7C-0818B25BA293}.Release|x64.Build.0 = Release|x64
		{B434399F-5618-435A-AA7C-0818B25BA293}.Release|x86.ActiveCfg = Release|Win32
		{B434399F-5618-435A-AA7C-0818B25BA293}.Release|x86.Build.0 = Release|Win32
		{E82BC99E-9E81-4F63-AAFD-E1C7EBA3989F}.Debug|x64.ActiveCfg = Debug|x64
		{E82BC99E-9E81-4F63-AAFD-E1C7EBA3989F}.Debug|x64.Build.0 = Debug|x64
		{E82BC99E-9E81-4F63-AAFD-E1C7EBA3989F}.Debug|x86.ActiveCfg = Debug|Win32
		{E82BC99E-9E81-4F63-AAFD-E1C7EBA3989F}.Debug|x86.Build.0 = Debug|Win32
		{E82BC99E-9E81-4F63-AAFD-E1C7EBA3989F}.Release|x64.ActiveCfg = Release|x64
		{E82BC99E-9E81-4F63-AAFD-E1C7EBA3989F}.Release|x64.Build.0 = Release|x64
		{E82BC99E-9E81-4F63-AAFD-E1C7EBA3989F}.Release|x86.ActiveCfg = Release|Win32
		{E82BC99E-9E81-4F63-AAFD-E1C7EBA3989F}.Release|x86.Build.0 = Release|Win32
		{CC518863-E490-47E4-9227-644C6A904495}.Debug|x64.ActiveCfg = Debug|x64
		{CC518863-E490-47E4-9227-644C6A904495}.Debug|x64.Build.0 = Debug|x64
		{CC518863-E490-47E4-9227-644C6A904495}.Debug|x86.ActiveCfg = Debug|Win32
		{CC518863-E490-47E4-9227-644C6A904495}.Debug|x86.Build.0 = Debug|Win32
		{CC518863-E490-47E4-9227-644C6A904495}.Release|x64.ActiveCfg = Release|x64
		{CC518863-E490-47E4-9227-644C6A904495}.Release|x64.Build.0 = Release|x64
		{CC518863-E490-47E4-9227-644C6A904495}.Release|x86.ActiveCfg = Release|Win32
		{CC518863-E490-47E4-9227-644C6A904495}.Release|x86.Build.0 = Release|Win32
		{F77BCCC1-2AE7-44A7-A626-F60C37572C95}.Debug|x64.ActiveCfg = Debug|x64
		{F77BCCC1-2AE7-44A7-A626-F60C37572C95}.Debug|x64.Build.0 = Debug|x64
		{F77BCCC1-2AE7-44A7-A626-F60C37572C95}.Debug|x86.ActiveCfg = Debug|Win32
		{F77BCCC1-2AE7-44A7-A626-F60C37572C95}.Debug|x86.Build.0 = Debug|Win32
		{F77BCCC1-2AE7-44A7-A626-F60C37572C95}.Release|x64.ActiveCfg = Release|x64
		{F77BCCC1-2AE7-44A7-A626-F60C37572C95}.Release|x64.Build.0 = Release|x64
		{F77BCCC1-2AE7-44A7-A626-F60C37572C95}.Release|x86.ActiveCfg = Release|Win32
		{F77BCCC1-2AE7-44A7-A626-F60C37572C95}.Release|x86.Build.0 = Release|Win32
		{D15808AF-FA0F-418C-AFB7-BCCBA00683AF}.Debug|x64.ActiveCfg = Debug|x64
		{D15808AF-FA0F-418C-AFB7-BCCBA00683AF}.Debug|x64.Build.0 = Debug|x64
		{D15808AF-FA0F-418C-AFB7-BCCBA00683AF}.Debug|x86.ActiveCfg = Debug|Win32
		{D15808AF-FA0F-418C-AFB7-BCCBA00683AF}.Debug|x86.Build.0 = Debug|Win32
		{D15808AF-FA0F-418C-AFB7-BCCBA00683AF}.Release|x64.ActiveCfg = Release|x64
		{D15808AF-FA0F-418C-AFB7-BCCBA00683AF}.Release|x64.Build.0 = Release|x64
		{D15808AF-FA0F-418C-AFB7-BCCBA00683AF}.Release|x86.ActiveCfg = Release|Win32
		{D15808AF-FA0F-418C-AFB7-BCCBA00683AF}.Release|x86.Build.0 = Release|Win32
		{39D7E7C6-8B5F-4174-AC7F-296D91D720E7}.Debug|x64.ActiveCfg = Debug|x64
		{39D7E7C6-8B5F-4174-AC7F-296D91D720E7}.Debug|x64.Build.0 = Debug|x64
		{39D7E7C6-8B5F-4174-AC7F-296D91D720E7}.Debug|x86.ActiveCfg = Debug|Win32
		{39D7E7C6-8B5F-4174-AC7F-296D91D720E7}.Debug|x86.Build.0 = Debug|Win32
		{39D7E7C6-8B5F-4174-AC7F-296D91D720E7}.Release|x64.ActiveCfg = Release|x64
		{39D7E7C6-8B5F-4174-AC7F-296D91D720E7}.Release|x64.Build.0 = Release|x64
		{39D7E7C6-8B5F-4174-AC7F-296D91D720E7}.Release|x86.ActiveCfg = Release|Win32
		{39D7E7C6-8B5F-4174-AC7F-296D91D720E7}.Release|x86.Build.0 = Release|Win32
		{16850CAC-3FD1-4458-B844-E1474CB31E25}.Debug|x64.ActiveCfg = Debug|x64
		{16850CAC-3FD1-4458-B844-E1474CB31E25}.Debug|x64.Build.0 = Debug|x64
		{16850CAC-3FD1-4458-B844-E1474CB31E25}.Debug|x86.ActiveCfg = Debug|Win32
		{16850CAC-3FD1-4458-B844-E1474CB31E25}.Debug|x86.Build.0 = Debug|Win32
		{16850CAC-3FD1-4458-B844-E1474CB31E25}.Release|x64.ActiveCfg = Release|x64
		{16850CAC-3FD1-4458-B844-E1474CB31E25}.Release|x64.Build.0 = Release|x64
		{16850CAC-3FD1-4458-B844-E1474CB31E25}.Release|x86.ActiveCfg = Release|Win32
		{16850CAC-3FD1-4458-B844-E1474CB31E25}.Release|x86.Build.0 = Release|Win32
	EndGlobalSection
	GlobalSection(SolutionProperties) = preSolution
		HideSolutionNode = FALSE
	EndGlobalSection
	GlobalSection(ExtensibilityGlobals) = postSolution
		SolutionGuid = {9DC547CD-8899-48C2-A245-E14C277C9DDF}
	EndGlobalSection
EndGlobal
